
Microsoft Visual Studio Solution File, Format Version 12.00
# Visual Studio 14
VisualStudioVersion = 14.0.25420.1
MinimumVisualStudioVersion = 10.0.40219.1
Project("{2150E333-8FDC-42A3-9474-1A3956D46DE8}") = "API", "API", "{DC9C9A3C-E02E-4CD0-A68E-3155BDFF3146}"
EndProject
Project("{FAE04EC0-301F-11D3-BF4B-00C04F79EFBC}") = "Multi-Language.API", "API\Multi-Language.API\Multi-Language.API.csproj", "{3C19CA27-40B0-43FE-9E6B-0FF79025A4B7}"
EndProject
Project("{2150E333-8FDC-42A3-9474-1A3956D46DE8}") = "Data", "Data", "{E176F52F-D3EF-4133-A525-3795A35EFBAC}"
EndProject
Project("{FAE04EC0-301F-11D3-BF4B-00C04F79EFBC}") = "Multi-language.Data", "Data\Multi-language.Data\Multi-language.Data.csproj", "{86614BA5-287D-4082-AA47-F7B0790DCDD9}"
EndProject
Project("{FAE04EC0-301F-11D3-BF4B-00C04F79EFBC}") = "Multi-language.Models", "Data\Multi-language.Models\Multi-language.Models.csproj", "{0D1685CC-7100-4D48-9988-00C0C4B0FACD}"
EndProject
Project("{2150E333-8FDC-42A3-9474-1A3956D46DE8}") = "Services", "Services", "{4E0A81DC-E56A-4D14-8B54-B2A3BF269FF3}"
EndProject
Project("{FAE04EC0-301F-11D3-BF4B-00C04F79EFBC}") = "Multi-language.Services", "Services\Multi-language.Services\Multi-language.Services.csproj", "{6A9670F4-3D3E-4B7A-8A77-EB087D3C1E33}"
EndProject
Project("{2150E333-8FDC-42A3-9474-1A3956D46DE8}") = "Client", "Client", "{8B30F2F7-A067-4B38-9CEF-0A5BE12EFC18}"
EndProject
Project("{FAE04EC0-301F-11D3-BF4B-00C04F79EFBC}") = "Multi-language.Client", "Client\Multi-language.Client\Multi-language.Client.csproj", "{743276D8-1436-48E2-BED5-50A717845E3E}"
EndProject
Global
	GlobalSection(SolutionConfigurationPlatforms) = preSolution
		Debug|Any CPU = Debug|Any CPU
		Release|Any CPU = Release|Any CPU
	EndGlobalSection
	GlobalSection(ProjectConfigurationPlatforms) = postSolution
		{3C19CA27-40B0-43FE-9E6B-0FF79025A4B7}.Debug|Any CPU.ActiveCfg = Debug|Any CPU
		{3C19CA27-40B0-43FE-9E6B-0FF79025A4B7}.Debug|Any CPU.Build.0 = Debug|Any CPU
		{3C19CA27-40B0-43FE-9E6B-0FF79025A4B7}.Release|Any CPU.ActiveCfg = Release|Any CPU
		{3C19CA27-40B0-43FE-9E6B-0FF79025A4B7}.Release|Any CPU.Build.0 = Release|Any CPU
		{86614BA5-287D-4082-AA47-F7B0790DCDD9}.Debug|Any CPU.ActiveCfg = Debug|Any CPU
		{86614BA5-287D-4082-AA47-F7B0790DCDD9}.Debug|Any CPU.Build.0 = Debug|Any CPU
		{86614BA5-287D-4082-AA47-F7B0790DCDD9}.Release|Any CPU.ActiveCfg = Release|Any CPU
		{86614BA5-287D-4082-AA47-F7B0790DCDD9}.Release|Any CPU.Build.0 = Release|Any CPU
		{0D1685CC-7100-4D48-9988-00C0C4B0FACD}.Debug|Any CPU.ActiveCfg = Debug|Any CPU
		{0D1685CC-7100-4D48-9988-00C0C4B0FACD}.Debug|Any CPU.Build.0 = Debug|Any CPU
		{0D1685CC-7100-4D48-9988-00C0C4B0FACD}.Release|Any CPU.ActiveCfg = Release|Any CPU
		{0D1685CC-7100-4D48-9988-00C0C4B0FACD}.Release|Any CPU.Build.0 = Release|Any CPU
		{6A9670F4-3D3E-4B7A-8A77-EB087D3C1E33}.Debug|Any CPU.ActiveCfg = Debug|Any CPU
		{6A9670F4-3D3E-4B7A-8A77-EB087D3C1E33}.Debug|Any CPU.Build.0 = Debug|Any CPU
		{6A9670F4-3D3E-4B7A-8A77-EB087D3C1E33}.Release|Any CPU.ActiveCfg = Release|Any CPU
		{6A9670F4-3D3E-4B7A-8A77-EB087D3C1E33}.Release|Any CPU.Build.0 = Release|Any CPU
		{743276D8-1436-48E2-BED5-50A717845E3E}.Debug|Any CPU.ActiveCfg = Debug|Any CPU
		{743276D8-1436-48E2-BED5-50A717845E3E}.Debug|Any CPU.Build.0 = Debug|Any CPU
		{743276D8-1436-48E2-BED5-50A717845E3E}.Release|Any CPU.ActiveCfg = Release|Any CPU
		{743276D8-1436-48E2-BED5-50A717845E3E}.Release|Any CPU.Build.0 = Release|Any CPU
	EndGlobalSection
	GlobalSection(SolutionProperties) = preSolution
		HideSolutionNode = FALSE
	EndGlobalSection
	GlobalSection(NestedProjects) = preSolution
		{3C19CA27-40B0-43FE-9E6B-0FF79025A4B7} = {DC9C9A3C-E02E-4CD0-A68E-3155BDFF3146}
		{86614BA5-287D-4082-AA47-F7B0790DCDD9} = {E176F52F-D3EF-4133-A525-3795A35EFBAC}
		{0D1685CC-7100-4D48-9988-00C0C4B0FACD} = {E176F52F-D3EF-4133-A525-3795A35EFBAC}
		{6A9670F4-3D3E-4B7A-8A77-EB087D3C1E33} = {4E0A81DC-E56A-4D14-8B54-B2A3BF269FF3}
		{743276D8-1436-48E2-BED5-50A717845E3E} = {8B30F2F7-A067-4B38-9CEF-0A5BE12EFC18}
	EndGlobalSection
EndGlobal
